
Microsoft Visual Studio Solution File, Format Version 12.00
# Visual Studio Version 17
VisualStudioVersion = 17.2.32516.85
MinimumVisualStudioVersion = 10.0.40219.1
Project("{FAE04EC0-301F-11D3-BF4B-00C04F79EFBC}") = "aulas-pcdev", "aulas-pcdev.csproj", "{93701063-0011-4178-BB72-B2B0536757AF}"
EndProject
Global
	GlobalSection(SolutionConfigurationPlatforms) = preSolution
		Debug|Any CPU = Debug|Any CPU
		Release|Any CPU = Release|Any CPU
	EndGlobalSection
	GlobalSection(ProjectConfigurationPlatforms) = postSolution
		{93701063-0011-4178-BB72-B2B0536757AF}.Debug|Any CPU.ActiveCfg = Debug|Any CPU
		{93701063-0011-4178-BB72-B2B0536757AF}.Debug|Any CPU.Build.0 = Debug|Any CPU
		{93701063-0011-4178-BB72-B2B0536757AF}.Release|Any CPU.ActiveCfg = Release|Any CPU
		{93701063-0011-4178-BB72-B2B0536757AF}.Release|Any CPU.Build.0 = Release|Any CPU
	EndGlobalSection
	GlobalSection(SolutionProperties) = preSolution
		HideSolutionNode = FALSE
	EndGlobalSection
	GlobalSection(ExtensibilityGlobals) = postSolution
		SolutionGuid = {C71F0645-877C-46DC-98E3-91D4E10767EC}
	EndGlobalSection
EndGlobal
